
Microsoft Visual Studio Solution File, Format Version 12.00
# Visual Studio Version 17
VisualStudioVersion = 17.2.32630.192
MinimumVisualStudioVersion = 10.0.40219.1
Project("{FAE04EC0-301F-11D3-BF4B-00C04F79EFBC}") = "Dawam.API", "Dawam.API\Dawam.API.csproj", "{904013E2-E6C8-4D04-956F-366E568929AF}"
EndProject
Project("{FAE04EC0-301F-11D3-BF4B-00C04F79EFBC}") = "Dawam.DAL", "Dawam.DAL\Dawam.DAL.csproj", "{AAB9809C-5862-4509-9ED7-2EE1CD3F2206}"
EndProject
Project("{FAE04EC0-301F-11D3-BF4B-00C04F79EFBC}") = "Dawam.BLL", "Dawam.BLL\Dawam.BLL.csproj", "{0A60C24B-995B-4CFA-9E78-726C501F8EB4}"
EndProject
Global
	GlobalSection(SolutionConfigurationPlatforms) = preSolution
		Debug|Any CPU = Debug|Any CPU
		Release|Any CPU = Release|Any CPU
	EndGlobalSection
	GlobalSection(ProjectConfigurationPlatforms) = postSolution
		{904013E2-E6C8-4D04-956F-366E568929AF}.Debug|Any CPU.ActiveCfg = Debug|Any CPU
		{904013E2-E6C8-4D04-956F-366E568929AF}.Debug|Any CPU.Build.0 = Debug|Any CPU
		{904013E2-E6C8-4D04-956F-366E568929AF}.Release|Any CPU.ActiveCfg = Release|Any CPU
		{904013E2-E6C8-4D04-956F-366E568929AF}.Release|Any CPU.Build.0 = Release|Any CPU
		{AAB9809C-5862-4509-9ED7-2EE1CD3F2206}.Debug|Any CPU.ActiveCfg = Debug|Any CPU
		{AAB9809C-5862-4509-9ED7-2EE1CD3F2206}.Debug|Any CPU.Build.0 = Debug|Any CPU
		{AAB9809C-5862-4509-9ED7-2EE1CD3F2206}.Release|Any CPU.ActiveCfg = Release|Any CPU
		{AAB9809C-5862-4509-9ED7-2EE1CD3F2206}.Release|Any CPU.Build.0 = Release|Any CPU
		{0A60C24B-995B-4CFA-9E78-726C501F8EB4}.Debug|Any CPU.ActiveCfg = Debug|Any CPU
		{0A60C24B-995B-4CFA-9E78-726C501F8EB4}.Debug|Any CPU.Build.0 = Debug|Any CPU
		{0A60C24B-995B-4CFA-9E78-726C501F8EB4}.Release|Any CPU.ActiveCfg = Release|Any CPU
		{0A60C24B-995B-4CFA-9E78-726C501F8EB4}.Release|Any CPU.Build.0 = Release|Any CPU
	EndGlobalSection
	GlobalSection(SolutionProperties) = preSolution
		HideSolutionNode = FALSE
	EndGlobalSection
	GlobalSection(ExtensibilityGlobals) = postSolution
		SolutionGuid = {656CF86C-27BE-44DD-B5CE-2224BA8A8FC0}
	EndGlobalSection
EndGlobal
